{
  "name": "1773647-device-34",
  "lockfileVersion": 2,
  "requires": true,
  "packages": {
    "": {
      "dependencies": {
        "graph-tabs": "^1.0.2"
      }
    },
    "node_modules/graph-tabs": {
      "version": "1.0.2",
      "resolved": "https://registry.npmjs.org/graph-tabs/-/graph-tabs-1.0.2.tgz",
      "integrity": "sha512-nKih2PMN26IeYcNHipkgB2Njr3RPTXZZ/+CVbihDQi62BFb1TcosXBiABrhGUOJmJ4dyZ20OK6j6IZnlG2n6dA=="
    }
  },
  "dependencies": {
    "graph-tabs": {
      "version": "1.0.2",
      "resolved": "https://registry.npmjs.org/graph-tabs/-/graph-tabs-1.0.2.tgz",
      "integrity": "sha512-nKih2PMN26IeYcNHipkgB2Njr3RPTXZZ/+CVbihDQi62BFb1TcosXBiABrhGUOJmJ4dyZ20OK6j6IZnlG2n6dA=="
    }
  }
}
